
Microsoft Visual Studio Solution File, Format Version 12.00
# Visual Studio Version 16
VisualStudioVersion = 16.0.29424.173
MinimumVisualStudioVersion = 10.0.40219.1
Project("{9A19103F-16F7-4668-BE54-9A1E7A4F7556}") = "DaniloFormulario", "DaniloFormulario\DaniloFormulario.csproj", "{E3A74921-0FF6-43E3-9C23-52A9B7DAB5D1}"
EndProject
Project("{2150E333-8FDC-42A3-9474-1A3956D46DE8}") = "1- Application", "1- Application", "{913E6BC5-B16F-47F2-B10F-8CE4133AEC96}"
EndProject
Project("{2150E333-8FDC-42A3-9474-1A3956D46DE8}") = "2 - Domain", "2 - Domain", "{49490070-6CEE-40C4-A446-8CB0033CD632}"
EndProject
Project("{FAE04EC0-301F-11D3-BF4B-00C04F79EFBC}") = "Domain", "Domain\Domain.csproj", "{805CC211-E131-40D1-8487-EB30D40C13B8}"
EndProject
Global
	GlobalSection(SolutionConfigurationPlatforms) = preSolution
		Debug|Any CPU = Debug|Any CPU
		Release|Any CPU = Release|Any CPU
	EndGlobalSection
	GlobalSection(ProjectConfigurationPlatforms) = postSolution
		{E3A74921-0FF6-43E3-9C23-52A9B7DAB5D1}.Debug|Any CPU.ActiveCfg = Debug|Any CPU
		{E3A74921-0FF6-43E3-9C23-52A9B7DAB5D1}.Debug|Any CPU.Build.0 = Debug|Any CPU
		{E3A74921-0FF6-43E3-9C23-52A9B7DAB5D1}.Release|Any CPU.ActiveCfg = Release|Any CPU
		{E3A74921-0FF6-43E3-9C23-52A9B7DAB5D1}.Release|Any CPU.Build.0 = Release|Any CPU
		{805CC211-E131-40D1-8487-EB30D40C13B8}.Debug|Any CPU.ActiveCfg = Debug|Any CPU
		{805CC211-E131-40D1-8487-EB30D40C13B8}.Debug|Any CPU.Build.0 = Debug|Any CPU
		{805CC211-E131-40D1-8487-EB30D40C13B8}.Release|Any CPU.ActiveCfg = Release|Any CPU
		{805CC211-E131-40D1-8487-EB30D40C13B8}.Release|Any CPU.Build.0 = Release|Any CPU
	EndGlobalSection
	GlobalSection(SolutionProperties) = preSolution
		HideSolutionNode = FALSE
	EndGlobalSection
	GlobalSection(NestedProjects) = preSolution
		{E3A74921-0FF6-43E3-9C23-52A9B7DAB5D1} = {913E6BC5-B16F-47F2-B10F-8CE4133AEC96}
		{805CC211-E131-40D1-8487-EB30D40C13B8} = {49490070-6CEE-40C4-A446-8CB0033CD632}
	EndGlobalSection
	GlobalSection(ExtensibilityGlobals) = postSolution
		SolutionGuid = {F99B9790-934A-4962-9E9D-7A13051B3456}
	EndGlobalSection
EndGlobal
